<?xml version="1.0" encoding="UTF-8"?>
<!DOCTYPE plist PUBLIC "-//Apple//DTD PLIST 1.0//EN" "http://www.apple.com/DTDs/PropertyList-1.0.dtd">
<plist version="1.0">
<dict>
	<key>archiveVersion</key>
	<string>1</string>
	<key>classes</key>
	<dict/>
	<key>objectVersion</key>
	<string>46</string>
	<key>objects</key>
	<dict>
		<key>002F1A1D03747F8CE175B711</key>
		<dict>
			<key>children</key>
			<array>
				<string>53B7AD06549F05168EF2AE10</string>
				<string>0C34DA194517E18D3366DB13</string>
			</array>
			<key>isa</key>
			<string>PBXGroup</string>
			<key>name</key>
			<string>Pods</string>
			<key>sourceTree</key>
			<string>&lt;group&gt;</string>
		</dict>
		<key>0C34DA194517E18D3366DB13</key>
		<dict>
			<key>includeInIndex</key>
			<string>1</string>
			<key>isa</key>
			<string>PBXFileReference</string>
			<key>lastKnownFileType</key>
			<string>text.xcconfig</string>
			<key>name</key>
			<string>Pods.release.xcconfig</string>
			<key>path</key>
			<string>Pods/Target Support Files/Pods/Pods.release.xcconfig</string>
			<key>sourceTree</key>
			<string>&lt;group&gt;</string>
		</dict>
		<key>3FBD34B965AAD52B616EE900</key>
		<dict>
			<key>explicitFileType</key>
			<string>archive.ar</string>
			<key>includeInIndex</key>
			<string>0</string>
			<key>isa</key>
			<string>PBXFileReference</string>
			<key>path</key>
			<string>libPods.a</string>
			<key>sourceTree</key>
			<string>BUILT_PRODUCTS_DIR</string>
		</dict>
		<key>5021AC101ABC6B4000877910</key>
		<dict>
			<key>fileEncoding</key>
			<string>4</string>
			<key>isa</key>
			<string>PBXFileReference</string>
			<key>lastKnownFileType</key>
			<string>sourcecode.c.h</string>
			<key>path</key>
			<string>DYArticle.h</string>
			<key>sourceTree</key>
			<string>&lt;group&gt;</string>
		</dict>
		<key>5021AC111ABC6B4000877910</key>
		<dict>
			<key>fileEncoding</key>
			<string>4</string>
			<key>isa</key>
			<string>PBXFileReference</string>
			<key>lastKnownFileType</key>
			<string>sourcecode.c.objc</string>
			<key>path</key>
			<string>DYArticle.m</string>
			<key>sourceTree</key>
			<string>&lt;group&gt;</string>
		</dict>
		<key>5021AC121ABC6B4000877910</key>
		<dict>
			<key>fileRef</key>
			<string>5021AC111ABC6B4000877910</string>
			<key>isa</key>
			<string>PBXBuildFile</string>
		</dict>
		<key>5021AC131ABC6B4100877910</key>
		<dict>
			<key>fileEncoding</key>
			<string>4</string>
			<key>isa</key>
			<string>PBXFileReference</string>
			<key>lastKnownFileType</key>
			<string>sourcecode.c.h</string>
			<key>path</key>
			<string>DYRSS.h</string>
			<key>sourceTree</key>
			<string>&lt;group&gt;</string>
		</dict>
		<key>5021AC141ABC6B4100877910</key>
		<dict>
			<key>fileEncoding</key>
			<string>4</string>
			<key>isa</key>
			<string>PBXFileReference</string>
			<key>lastKnownFileType</key>
			<string>sourcecode.c.objc</string>
			<key>path</key>
			<string>DYRSS.m</string>
			<key>sourceTree</key>
			<string>&lt;group&gt;</string>
		</dict>
		<key>5021AC151ABC6B4100877910</key>
		<dict>
			<key>fileRef</key>
			<string>5021AC141ABC6B4100877910</string>
			<key>isa</key>
			<string>PBXBuildFile</string>
		</dict>
		<key>5021AC191ABC78BC00877910</key>
		<dict>
			<key>fileEncoding</key>
			<string>4</string>
			<key>isa</key>
			<string>PBXFileReference</string>
			<key>lastKnownFileType</key>
			<string>sourcecode.c.h</string>
			<key>path</key>
			<string>SWRevealViewController.h</string>
			<key>sourceTree</key>
			<string>&lt;group&gt;</string>
		</dict>
		<key>5021AC1A1ABC78BC00877910</key>
		<dict>
			<key>fileEncoding</key>
			<string>4</string>
			<key>isa</key>
			<string>PBXFileReference</string>
			<key>lastKnownFileType</key>
			<string>sourcecode.c.objc</string>
			<key>path</key>
			<string>SWRevealViewController.m</string>
			<key>sourceTree</key>
			<string>&lt;group&gt;</string>
		</dict>
		<key>5021AC1B1ABC78BC00877910</key>
		<dict>
			<key>fileRef</key>
			<string>5021AC1A1ABC78BC00877910</string>
			<key>isa</key>
			<string>PBXBuildFile</string>
		</dict>
		<key>53B7AD06549F05168EF2AE10</key>
		<dict>
			<key>includeInIndex</key>
			<string>1</string>
			<key>isa</key>
			<string>PBXFileReference</string>
			<key>lastKnownFileType</key>
			<string>text.xcconfig</string>
			<key>name</key>
			<string>Pods.debug.xcconfig</string>
			<key>path</key>
			<string>Pods/Target Support Files/Pods/Pods.debug.xcconfig</string>
			<key>sourceTree</key>
			<string>&lt;group&gt;</string>
		</dict>
		<key>8A399624B89174F1CF5B911C</key>
		<dict>
			<key>buildActionMask</key>
			<string>2147483647</string>
			<key>files</key>
			<array/>
			<key>inputPaths</key>
			<array/>
			<key>isa</key>
			<string>PBXShellScriptBuildPhase</string>
			<key>name</key>
			<string>Copy Pods Resources</string>
			<key>outputPaths</key>
			<array/>
			<key>runOnlyForDeploymentPostprocessing</key>
			<string>0</string>
			<key>shellPath</key>
			<string>/bin/sh</string>
			<key>shellScript</key>
			<string>"${SRCROOT}/Pods/Target Support Files/Pods/Pods-resources.sh"
</string>
			<key>showEnvVarsInLog</key>
			<string>0</string>
		</dict>
		<key>A3D6F9C8C48D3C689C0EBB35</key>
		<dict>
			<key>buildActionMask</key>
			<string>2147483647</string>
			<key>files</key>
			<array/>
			<key>inputPaths</key>
			<array/>
			<key>isa</key>
			<string>PBXShellScriptBuildPhase</string>
			<key>name</key>
			<string>Check Pods Manifest.lock</string>
			<key>outputPaths</key>
			<array/>
			<key>runOnlyForDeploymentPostprocessing</key>
			<string>0</string>
			<key>shellPath</key>
			<string>/bin/sh</string>
			<key>shellScript</key>
			<string>diff "${PODS_ROOT}/../Podfile.lock" "${PODS_ROOT}/Manifest.lock" &gt; /dev/null
if [[ $? != 0 ]] ; then
    cat &lt;&lt; EOM
error: The sandbox is not in sync with the Podfile.lock. Run 'pod install' or update your CocoaPods installation.
EOM
    exit 1
fi
</string>
			<key>showEnvVarsInLog</key>
			<string>0</string>
		</dict>
		<key>BE03834499D04B026AF4E17B</key>
		<dict>
			<key>fileRef</key>
			<string>3FBD34B965AAD52B616EE900</string>
			<key>isa</key>
			<string>PBXBuildFile</string>
		</dict>
		<key>DF35A7F71ABB261D008BF6F0</key>
		<dict>
			<key>isa</key>
			<string>PBXFileReference</string>
			<key>lastKnownFileType</key>
			<string>folder.assetcatalog</string>
			<key>path</key>
			<string>Images.xcassets</string>
			<key>sourceTree</key>
			<string>&lt;group&gt;</string>
		</dict>
		<key>DF35A7F81ABB261D008BF6F0</key>
		<dict>
			<key>fileRef</key>
			<string>DF35A7F71ABB261D008BF6F0</string>
			<key>isa</key>
			<string>PBXBuildFile</string>
		</dict>
		<key>DF35A7F91ABB2665008BF6F0</key>
		<dict>
			<key>children</key>
			<array>
				<string>5021AC191ABC78BC00877910</string>
				<string>5021AC1A1ABC78BC00877910</string>
				<string>DF35A80C1ABB2879008BF6F0</string>
				<string>DF35A80D1ABB2879008BF6F0</string>
				<string>DF35A8011ABB273A008BF6F0</string>
				<string>DF35A8021ABB273A008BF6F0</string>
				<string>DF979BC81ABB258500DAD4AE</string>
				<string>DF979BC91ABB258500DAD4AE</string>
			</array>
			<key>isa</key>
			<string>PBXGroup</string>
			<key>name</key>
			<string>ViewControllers</string>
			<key>sourceTree</key>
			<string>&lt;group&gt;</string>
		</dict>
		<key>DF35A7FD1ABB2715008BF6F0</key>
		<dict>
			<key>children</key>
			<array>
				<string>DF35A7FE1ABB272F008BF6F0</string>
				<string>DF35A7FF1ABB272F008BF6F0</string>
			</array>
			<key>isa</key>
			<string>PBXGroup</string>
			<key>name</key>
			<string>Views</string>
			<key>sourceTree</key>
			<string>&lt;group&gt;</string>
		</dict>
		<key>DF35A7FE1ABB272F008BF6F0</key>
		<dict>
			<key>fileEncoding</key>
			<string>4</string>
			<key>isa</key>
			<string>PBXFileReference</string>
			<key>lastKnownFileType</key>
			<string>sourcecode.c.h</string>
			<key>path</key>
			<string>DYSongTableViewCell.h</string>
			<key>sourceTree</key>
			<string>&lt;group&gt;</string>
		</dict>
		<key>DF35A7FF1ABB272F008BF6F0</key>
		<dict>
			<key>fileEncoding</key>
			<string>4</string>
			<key>isa</key>
			<string>PBXFileReference</string>
			<key>lastKnownFileType</key>
			<string>sourcecode.c.objc</string>
			<key>path</key>
			<string>DYSongTableViewCell.m</string>
			<key>sourceTree</key>
			<string>&lt;group&gt;</string>
		</dict>
		<key>DF35A8001ABB272F008BF6F0</key>
		<dict>
			<key>fileRef</key>
			<string>DF35A7FF1ABB272F008BF6F0</string>
			<key>isa</key>
			<string>PBXBuildFile</string>
		</dict>
		<key>DF35A8011ABB273A008BF6F0</key>
		<dict>
			<key>fileEncoding</key>
			<string>4</string>
			<key>isa</key>
			<string>PBXFileReference</string>
			<key>lastKnownFileType</key>
			<string>sourcecode.c.h</string>
			<key>path</key>
			<string>DYSettingViewController.h</string>
			<key>sourceTree</key>
			<string>&lt;group&gt;</string>
		</dict>
		<key>DF35A8021ABB273A008BF6F0</key>
		<dict>
			<key>fileEncoding</key>
			<string>4</string>
			<key>isa</key>
			<string>PBXFileReference</string>
			<key>lastKnownFileType</key>
			<string>sourcecode.c.objc</string>
			<key>path</key>
			<string>DYSettingViewController.m</string>
			<key>sourceTree</key>
			<string>&lt;group&gt;</string>
		</dict>
		<key>DF35A8031ABB273A008BF6F0</key>
		<dict>
			<key>fileRef</key>
			<string>DF35A8021ABB273A008BF6F0</string>
			<key>isa</key>
			<string>PBXBuildFile</string>
		</dict>
		<key>DF35A8041ABB27BA008BF6F0</key>
		<dict>
			<key>children</key>
			<array>
				<string>DF979BC51ABB258500DAD4AE</string>
				<string>5021AC131ABC6B4100877910</string>
				<string>5021AC141ABC6B4100877910</string>
				<string>5021AC101ABC6B4000877910</string>
				<string>5021AC111ABC6B4000877910</string>
			</array>
			<key>isa</key>
			<string>PBXGroup</string>
			<key>name</key>
			<string>Models</string>
			<key>sourceTree</key>
			<string>&lt;group&gt;</string>
		</dict>
		<key>DF35A8051ABB2818008BF6F0</key>
		<dict>
			<key>children</key>
			<array>
				<string>DF35A8061ABB2847008BF6F0</string>
				<string>DF35A8071ABB2847008BF6F0</string>
				<string>DF35A8081ABB2847008BF6F0</string>
				<string>DF35A8091ABB2847008BF6F0</string>
			</array>
			<key>isa</key>
			<string>PBXGroup</string>
			<key>name</key>
			<string>Player</string>
			<key>sourceTree</key>
			<string>&lt;group&gt;</string>
		</dict>
		<key>DF35A8061ABB2847008BF6F0</key>
		<dict>
			<key>fileEncoding</key>
			<string>4</string>
			<key>isa</key>
			<string>PBXFileReference</string>
			<key>lastKnownFileType</key>
			<string>sourcecode.c.h</string>
			<key>path</key>
			<string>DYPlayer.h</string>
			<key>sourceTree</key>
			<string>&lt;group&gt;</string>
		</dict>
		<key>DF35A8071ABB2847008BF6F0</key>
		<dict>
			<key>fileEncoding</key>
			<string>4</string>
			<key>isa</key>
			<string>PBXFileReference</string>
			<key>lastKnownFileType</key>
			<string>sourcecode.c.objc</string>
			<key>path</key>
			<string>DYPlayer.m</string>
			<key>sourceTree</key>
			<string>&lt;group&gt;</string>
		</dict>
		<key>DF35A8081ABB2847008BF6F0</key>
		<dict>
			<key>fileEncoding</key>
			<string>4</string>
			<key>isa</key>
			<string>PBXFileReference</string>
			<key>lastKnownFileType</key>
			<string>sourcecode.c.h</string>
			<key>path</key>
			<string>DYSpeeker.h</string>
			<key>sourceTree</key>
			<string>&lt;group&gt;</string>
		</dict>
		<key>DF35A8091ABB2847008BF6F0</key>
		<dict>
			<key>fileEncoding</key>
			<string>4</string>
			<key>isa</key>
			<string>PBXFileReference</string>
			<key>lastKnownFileType</key>
			<string>sourcecode.c.objc</string>
			<key>path</key>
			<string>DYSpeeker.m</string>
			<key>sourceTree</key>
			<string>&lt;group&gt;</string>
		</dict>
		<key>DF35A80A1ABB2847008BF6F0</key>
		<dict>
			<key>fileRef</key>
			<string>DF35A8071ABB2847008BF6F0</string>
			<key>isa</key>
			<string>PBXBuildFile</string>
		</dict>
		<key>DF35A80B1ABB2847008BF6F0</key>
		<dict>
			<key>fileRef</key>
			<string>DF35A8091ABB2847008BF6F0</string>
			<key>isa</key>
			<string>PBXBuildFile</string>
		</dict>
		<key>DF35A80C1ABB2879008BF6F0</key>
		<dict>
			<key>fileEncoding</key>
			<string>4</string>
			<key>isa</key>
			<string>PBXFileReference</string>
			<key>lastKnownFileType</key>
			<string>sourcecode.c.h</string>
			<key>path</key>
			<string>SidebarViewController.h</string>
			<key>sourceTree</key>
			<string>&lt;group&gt;</string>
		</dict>
		<key>DF35A80D1ABB2879008BF6F0</key>
		<dict>
			<key>fileEncoding</key>
			<string>4</string>
			<key>isa</key>
			<string>PBXFileReference</string>
			<key>lastKnownFileType</key>
			<string>sourcecode.c.objc</string>
			<key>path</key>
			<string>SidebarViewController.m</string>
			<key>sourceTree</key>
			<string>&lt;group&gt;</string>
		</dict>
		<key>DF35A80E1ABB2879008BF6F0</key>
		<dict>
			<key>fileRef</key>
			<string>DF35A80D1ABB2879008BF6F0</string>
			<key>isa</key>
			<string>PBXBuildFile</string>
		</dict>
		<key>DF590AD11ABB2AF6006E6E35</key>
		<dict>
			<key>children</key>
			<array>
				<string>DF590AD21ABB2AF6006E6E35</string>
			</array>
			<key>isa</key>
			<string>PBXVariantGroup</string>
			<key>name</key>
			<string>Main.storyboard</string>
			<key>sourceTree</key>
			<string>&lt;group&gt;</string>
		</dict>
		<key>DF590AD21ABB2AF6006E6E35</key>
		<dict>
			<key>isa</key>
			<string>PBXFileReference</string>
			<key>lastKnownFileType</key>
			<string>file.storyboard</string>
			<key>name</key>
			<string>Base</string>
			<key>path</key>
			<string>Base.lproj/Main.storyboard</string>
			<key>sourceTree</key>
			<string>&lt;group&gt;</string>
		</dict>
		<key>DF590AD31ABB2AF6006E6E35</key>
		<dict>
			<key>fileRef</key>
			<string>DF590AD11ABB2AF6006E6E35</string>
			<key>isa</key>
			<string>PBXBuildFile</string>
		</dict>
		<key>DF6082CC1ABC7BF300ABB421</key>
		<dict>
			<key>children</key>
			<array/>
			<key>isa</key>
			<string>PBXGroup</string>
			<key>name</key>
			<string>Data</string>
			<key>sourceTree</key>
			<string>&lt;group&gt;</string>
		</dict>
		<key>DF979BB21ABB258500DAD4AE</key>
		<dict>
			<key>children</key>
			<array>
				<string>DF979BBD1ABB258500DAD4AE</string>
				<string>DF979BDA1ABB258500DAD4AE</string>
				<string>DF979BBC1ABB258500DAD4AE</string>
				<string>002F1A1D03747F8CE175B711</string>
				<string>F09FE54A2212CDDD1DC46223</string>
			</array>
			<key>isa</key>
			<string>PBXGroup</string>
			<key>sourceTree</key>
			<string>&lt;group&gt;</string>
		</dict>
		<key>DF979BB31ABB258500DAD4AE</key>
		<dict>
			<key>attributes</key>
			<dict>
				<key>LastUpgradeCheck</key>
				<string>0610</string>
				<key>ORGANIZATIONNAME</key>
				<string>iosnerds</string>
				<key>TargetAttributes</key>
				<dict>
					<key>DF979BBA1ABB258500DAD4AE</key>
					<dict>
						<key>CreatedOnToolsVersion</key>
						<string>6.1.1</string>
					</dict>
					<key>DF979BD61ABB258500DAD4AE</key>
					<dict>
						<key>CreatedOnToolsVersion</key>
						<string>6.1.1</string>
						<key>TestTargetID</key>
						<string>DF979BBA1ABB258500DAD4AE</string>
					</dict>
				</dict>
			</dict>
			<key>buildConfigurationList</key>
			<string>DF979BB61ABB258500DAD4AE</string>
			<key>compatibilityVersion</key>
			<string>Xcode 3.2</string>
			<key>developmentRegion</key>
			<string>English</string>
			<key>hasScannedForEncodings</key>
			<string>0</string>
			<key>isa</key>
			<string>PBXProject</string>
			<key>knownRegions</key>
			<array>
				<string>en</string>
				<string>Base</string>
			</array>
			<key>mainGroup</key>
			<string>DF979BB21ABB258500DAD4AE</string>
			<key>productRefGroup</key>
			<string>DF979BBC1ABB258500DAD4AE</string>
			<key>projectDirPath</key>
			<string></string>
			<key>projectReferences</key>
			<array/>
			<key>projectRoot</key>
			<string></string>
			<key>targets</key>
			<array>
				<string>DF979BBA1ABB258500DAD4AE</string>
				<string>DF979BD61ABB258500DAD4AE</string>
			</array>
		</dict>
		<key>DF979BB61ABB258500DAD4AE</key>
		<dict>
			<key>buildConfigurations</key>
			<array>
				<string>DF979BDF1ABB258500DAD4AE</string>
				<string>DF979BE01ABB258500DAD4AE</string>
			</array>
			<key>defaultConfigurationIsVisible</key>
			<string>0</string>
			<key>defaultConfigurationName</key>
			<string>Release</string>
			<key>isa</key>
			<string>XCConfigurationList</string>
		</dict>
		<key>DF979BB71ABB258500DAD4AE</key>
		<dict>
			<key>buildActionMask</key>
			<string>2147483647</string>
			<key>files</key>
			<array>
				<string>DF979BC41ABB258500DAD4AE</string>
				<string>DF35A8001ABB272F008BF6F0</string>
				<string>5021AC121ABC6B4000877910</string>
				<string>5021AC151ABC6B4100877910</string>
				<string>DF979BC11ABB258500DAD4AE</string>
				<string>DF979BCA1ABB258500DAD4AE</string>
				<string>DF35A80E1ABB2879008BF6F0</string>
				<string>DF35A80B1ABB2847008BF6F0</string>
				<string>DF35A8031ABB273A008BF6F0</string>
				<string>DF979BC71ABB258500DAD4AE</string>
				<string>DF35A80A1ABB2847008BF6F0</string>
				<string>5021AC1B1ABC78BC00877910</string>
			</array>
			<key>isa</key>
			<string>PBXSourcesBuildPhase</string>
			<key>runOnlyForDeploymentPostprocessing</key>
			<string>0</string>
		</dict>
		<key>DF979BB81ABB258500DAD4AE</key>
		<dict>
			<key>buildActionMask</key>
			<string>2147483647</string>
			<key>files</key>
			<array>
				<string>BE03834499D04B026AF4E17B</string>
			</array>
			<key>isa</key>
			<string>PBXFrameworksBuildPhase</string>
			<key>runOnlyForDeploymentPostprocessing</key>
			<string>0</string>
		</dict>
		<key>DF979BB91ABB258500DAD4AE</key>
		<dict>
			<key>buildActionMask</key>
			<string>2147483647</string>
			<key>files</key>
			<array>
				<string>DF35A7F81ABB261D008BF6F0</string>
				<string>DF979BD21ABB258500DAD4AE</string>
				<string>DF590AD31ABB2AF6006E6E35</string>
			</array>
			<key>isa</key>
			<string>PBXResourcesBuildPhase</string>
			<key>runOnlyForDeploymentPostprocessing</key>
			<string>0</string>
		</dict>
		<key>DF979BBA1ABB258500DAD4AE</key>
		<dict>
			<key>buildConfigurationList</key>
			<string>DF979BE11ABB258500DAD4AE</string>
			<key>buildPhases</key>
			<array>
				<string>A3D6F9C8C48D3C689C0EBB35</string>
				<string>DF979BB71ABB258500DAD4AE</string>
				<string>DF979BB81ABB258500DAD4AE</string>
				<string>DF979BB91ABB258500DAD4AE</string>
				<string>8A399624B89174F1CF5B911C</string>
			</array>
			<key>buildRules</key>
			<array/>
			<key>dependencies</key>
			<array/>
			<key>isa</key>
			<string>PBXNativeTarget</string>
			<key>name</key>
			<string>RSS&#35821;&#38899;&#21161;&#25163;</string>
			<key>productName</key>
			<string>RSS&#35821;&#38899;&#21161;&#25163;</string>
			<key>productReference</key>
			<string>DF979BBB1ABB258500DAD4AE</string>
			<key>productType</key>
			<string>com.apple.product-type.application</string>
		</dict>
		<key>DF979BBB1ABB258500DAD4AE</key>
		<dict>
			<key>explicitFileType</key>
			<string>wrapper.application</string>
			<key>includeInIndex</key>
			<string>0</string>
			<key>isa</key>
			<string>PBXFileReference</string>
			<key>path</key>
			<string>RSS&#35821;&#38899;&#21161;&#25163;.app</string>
			<key>sourceTree</key>
			<string>BUILT_PRODUCTS_DIR</string>
		</dict>
		<key>DF979BBC1ABB258500DAD4AE</key>
		<dict>
			<key>children</key>
			<array>
				<string>DF979BBB1ABB258500DAD4AE</string>
				<string>DF979BD71ABB258500DAD4AE</string>
			</array>
			<key>isa</key>
			<string>PBXGroup</string>
			<key>name</key>
			<string>Products</string>
			<key>sourceTree</key>
			<string>&lt;group&gt;</string>
		</dict>
		<key>DF979BBD1ABB258500DAD4AE</key>
		<dict>
			<key>children</key>
			<array>
				<string>DF6082CC1ABC7BF300ABB421</string>
				<string>DF35A8051ABB2818008BF6F0</string>
				<string>DF35A8041ABB27BA008BF6F0</string>
				<string>DF35A7FD1ABB2715008BF6F0</string>
				<string>DF35A7F91ABB2665008BF6F0</string>
				<string>DF979BC21ABB258500DAD4AE</string>
				<string>DF979BC31ABB258500DAD4AE</string>
				<string>DF590AD11ABB2AF6006E6E35</string>
				<string>DF35A7F71ABB261D008BF6F0</string>
				<string>DF979BD01ABB258500DAD4AE</string>
				<string>DF979BBE1ABB258500DAD4AE</string>
			</array>
			<key>isa</key>
			<string>PBXGroup</string>
			<key>path</key>
			<string>RSS&#35821;&#38899;&#21161;&#25163;</string>
			<key>sourceTree</key>
			<string>&lt;group&gt;</string>
		</dict>
		<key>DF979BBE1ABB258500DAD4AE</key>
		<dict>
			<key>children</key>
			<array>
				<string>DF979BBF1ABB258500DAD4AE</string>
				<string>DF979BC01ABB258500DAD4AE</string>
			</array>
			<key>isa</key>
			<string>PBXGroup</string>
			<key>name</key>
			<string>Supporting Files</string>
			<key>sourceTree</key>
			<string>&lt;group&gt;</string>
		</dict>
		<key>DF979BBF1ABB258500DAD4AE</key>
		<dict>
			<key>isa</key>
			<string>PBXFileReference</string>
			<key>lastKnownFileType</key>
			<string>text.plist.xml</string>
			<key>path</key>
			<string>Info.plist</string>
			<key>sourceTree</key>
			<string>&lt;group&gt;</string>
		</dict>
		<key>DF979BC01ABB258500DAD4AE</key>
		<dict>
			<key>isa</key>
			<string>PBXFileReference</string>
			<key>lastKnownFileType</key>
			<string>sourcecode.c.objc</string>
			<key>path</key>
			<string>main.m</string>
			<key>sourceTree</key>
			<string>&lt;group&gt;</string>
		</dict>
		<key>DF979BC11ABB258500DAD4AE</key>
		<dict>
			<key>fileRef</key>
			<string>DF979BC01ABB258500DAD4AE</string>
			<key>isa</key>
			<string>PBXBuildFile</string>
		</dict>
		<key>DF979BC21ABB258500DAD4AE</key>
		<dict>
			<key>isa</key>
			<string>PBXFileReference</string>
			<key>lastKnownFileType</key>
			<string>sourcecode.c.h</string>
			<key>path</key>
			<string>AppDelegate.h</string>
			<key>sourceTree</key>
			<string>&lt;group&gt;</string>
		</dict>
		<key>DF979BC31ABB258500DAD4AE</key>
		<dict>
			<key>isa</key>
			<string>PBXFileReference</string>
			<key>lastKnownFileType</key>
			<string>sourcecode.c.objc</string>
			<key>path</key>
			<string>AppDelegate.m</string>
			<key>sourceTree</key>
			<string>&lt;group&gt;</string>
		</dict>
		<key>DF979BC41ABB258500DAD4AE</key>
		<dict>
			<key>fileRef</key>
			<string>DF979BC31ABB258500DAD4AE</string>
			<key>isa</key>
			<string>PBXBuildFile</string>
		</dict>
		<key>DF979BC51ABB258500DAD4AE</key>
		<dict>
			<key>children</key>
			<array>
				<string>DF979BC61ABB258500DAD4AE</string>
			</array>
			<key>currentVersion</key>
			<string>DF979BC61ABB258500DAD4AE</string>
			<key>isa</key>
			<string>XCVersionGroup</string>
			<key>path</key>
			<string>RSS____.xcdatamodeld</string>
			<key>sourceTree</key>
			<string>&lt;group&gt;</string>
			<key>versionGroupType</key>
			<string>wrapper.xcdatamodel</string>
		</dict>
		<key>DF979BC61ABB258500DAD4AE</key>
		<dict>
			<key>isa</key>
			<string>PBXFileReference</string>
			<key>lastKnownFileType</key>
			<string>wrapper.xcdatamodel</string>
			<key>path</key>
			<string>RSS____.xcdatamodel</string>
			<key>sourceTree</key>
			<string>&lt;group&gt;</string>
		</dict>
		<key>DF979BC71ABB258500DAD4AE</key>
		<dict>
			<key>fileRef</key>
			<string>DF979BC51ABB258500DAD4AE</string>
			<key>isa</key>
			<string>PBXBuildFile</string>
		</dict>
		<key>DF979BC81ABB258500DAD4AE</key>
		<dict>
			<key>isa</key>
			<string>PBXFileReference</string>
			<key>lastKnownFileType</key>
			<string>sourcecode.c.h</string>
			<key>path</key>
			<string>ViewController.h</string>
			<key>sourceTree</key>
			<string>&lt;group&gt;</string>
		</dict>
		<key>DF979BC91ABB258500DAD4AE</key>
		<dict>
			<key>isa</key>
			<string>PBXFileReference</string>
			<key>lastKnownFileType</key>
			<string>sourcecode.c.objc</string>
			<key>path</key>
			<string>ViewController.m</string>
			<key>sourceTree</key>
			<string>&lt;group&gt;</string>
		</dict>
		<key>DF979BCA1ABB258500DAD4AE</key>
		<dict>
			<key>fileRef</key>
			<string>DF979BC91ABB258500DAD4AE</string>
			<key>isa</key>
			<string>PBXBuildFile</string>
		</dict>
		<key>DF979BD01ABB258500DAD4AE</key>
		<dict>
			<key>children</key>
			<array>
				<string>DF979BD11ABB258500DAD4AE</string>
			</array>
			<key>isa</key>
			<string>PBXVariantGroup</string>
			<key>name</key>
			<string>LaunchScreen.xib</string>
			<key>sourceTree</key>
			<string>&lt;group&gt;</string>
		</dict>
		<key>DF979BD11ABB258500DAD4AE</key>
		<dict>
			<key>isa</key>
			<string>PBXFileReference</string>
			<key>lastKnownFileType</key>
			<string>file.xib</string>
			<key>name</key>
			<string>Base</string>
			<key>path</key>
			<string>Base.lproj/LaunchScreen.xib</string>
			<key>sourceTree</key>
			<string>&lt;group&gt;</string>
		</dict>
		<key>DF979BD21ABB258500DAD4AE</key>
		<dict>
			<key>fileRef</key>
			<string>DF979BD01ABB258500DAD4AE</string>
			<key>isa</key>
			<string>PBXBuildFile</string>
		</dict>
		<key>DF979BD31ABB258500DAD4AE</key>
		<dict>
			<key>buildActionMask</key>
			<string>2147483647</string>
			<key>files</key>
			<array>
				<string>DF979BDE1ABB258500DAD4AE</string>
			</array>
			<key>isa</key>
			<string>PBXSourcesBuildPhase</string>
			<key>runOnlyForDeploymentPostprocessing</key>
			<string>0</string>
		</dict>
		<key>DF979BD41ABB258500DAD4AE</key>
		<dict>
			<key>buildActionMask</key>
			<string>2147483647</string>
			<key>files</key>
			<array/>
			<key>isa</key>
			<string>PBXFrameworksBuildPhase</string>
			<key>runOnlyForDeploymentPostprocessing</key>
			<string>0</string>
		</dict>
		<key>DF979BD51ABB258500DAD4AE</key>
		<dict>
			<key>buildActionMask</key>
			<string>2147483647</string>
			<key>files</key>
			<array/>
			<key>isa</key>
			<string>PBXResourcesBuildPhase</string>
			<key>runOnlyForDeploymentPostprocessing</key>
			<string>0</string>
		</dict>
		<key>DF979BD61ABB258500DAD4AE</key>
		<dict>
			<key>buildConfigurationList</key>
			<string>DF979BE41ABB258500DAD4AE</string>
			<key>buildPhases</key>
			<array>
				<string>DF979BD31ABB258500DAD4AE</string>
				<string>DF979BD41ABB258500DAD4AE</string>
				<string>DF979BD51ABB258500DAD4AE</string>
			</array>
			<key>buildRules</key>
			<array/>
			<key>dependencies</key>
			<array>
				<string>DF979BD91ABB258500DAD4AE</string>
			</array>
			<key>isa</key>
			<string>PBXNativeTarget</string>
			<key>name</key>
			<string>RSS&#35821;&#38899;&#21161;&#25163;Tests</string>
			<key>productName</key>
			<string>RSS&#35821;&#38899;&#21161;&#25163;Tests</string>
			<key>productReference</key>
			<string>DF979BD71ABB258500DAD4AE</string>
			<key>productType</key>
			<string>com.apple.product-type.bundle.unit-test</string>
		</dict>
		<key>DF979BD71ABB258500DAD4AE</key>
		<dict>
			<key>explicitFileType</key>
			<string>wrapper.cfbundle</string>
			<key>includeInIndex</key>
			<string>0</string>
			<key>isa</key>
			<string>PBXFileReference</string>
			<key>path</key>
			<string>RSS&#35821;&#38899;&#21161;&#25163;Tests.xctest</string>
			<key>sourceTree</key>
			<string>BUILT_PRODUCTS_DIR</string>
		</dict>
		<key>DF979BD81ABB258500DAD4AE</key>
		<dict>
			<key>containerPortal</key>
			<string>DF979BB31ABB258500DAD4AE</string>
			<key>isa</key>
			<string>PBXContainerItemProxy</string>
			<key>proxyType</key>
			<string>1</string>
			<key>remoteGlobalIDString</key>
			<string>DF979BBA1ABB258500DAD4AE</string>
			<key>remoteInfo</key>
			<string>RSS&#35821;&#38899;&#21161;&#25163;</string>
		</dict>
		<key>DF979BD91ABB258500DAD4AE</key>
		<dict>
			<key>isa</key>
			<string>PBXTargetDependency</string>
			<key>target</key>
			<string>DF979BBA1ABB258500DAD4AE</string>
			<key>targetProxy</key>
			<string>DF979BD81ABB258500DAD4AE</string>
		</dict>
		<key>DF979BDA1ABB258500DAD4AE</key>
		<dict>
			<key>children</key>
			<array>
				<string>DF979BDD1ABB258500DAD4AE</string>
				<string>DF979BDB1ABB258500DAD4AE</string>
			</array>
			<key>isa</key>
			<string>PBXGroup</string>
			<key>path</key>
			<string>RSS&#35821;&#38899;&#21161;&#25163;Tests</string>
			<key>sourceTree</key>
			<string>&lt;group&gt;</string>
		</dict>
		<key>DF979BDB1ABB258500DAD4AE</key>
		<dict>
			<key>children</key>
			<array>
				<string>DF979BDC1ABB258500DAD4AE</string>
			</array>
			<key>isa</key>
			<string>PBXGroup</string>
			<key>name</key>
			<string>Supporting Files</string>
			<key>sourceTree</key>
			<string>&lt;group&gt;</string>
		</dict>
		<key>DF979BDC1ABB258500DAD4AE</key>
		<dict>
			<key>isa</key>
			<string>PBXFileReference</string>
			<key>lastKnownFileType</key>
			<string>text.plist.xml</string>
			<key>path</key>
			<string>Info.plist</string>
			<key>sourceTree</key>
			<string>&lt;group&gt;</string>
		</dict>
		<key>DF979BDD1ABB258500DAD4AE</key>
		<dict>
			<key>isa</key>
			<string>PBXFileReference</string>
			<key>lastKnownFileType</key>
			<string>sourcecode.c.objc</string>
			<key>path</key>
			<string>RSS____Tests.m</string>
			<key>sourceTree</key>
			<string>&lt;group&gt;</string>
		</dict>
		<key>DF979BDE1ABB258500DAD4AE</key>
		<dict>
			<key>fileRef</key>
			<string>DF979BDD1ABB258500DAD4AE</string>
			<key>isa</key>
			<string>PBXBuildFile</string>
		</dict>
		<key>DF979BDF1ABB258500DAD4AE</key>
		<dict>
			<key>buildSettings</key>
			<dict>
				<key>ALWAYS_SEARCH_USER_PATHS</key>
				<string>NO</string>
				<key>CLANG_CXX_LANGUAGE_STANDARD</key>
				<string>gnu++0x</string>
				<key>CLANG_CXX_LIBRARY</key>
				<string>libc++</string>
				<key>CLANG_ENABLE_MODULES</key>
				<string>YES</string>
				<key>CLANG_ENABLE_OBJC_ARC</key>
				<string>YES</string>
				<key>CLANG_WARN_BOOL_CONVERSION</key>
				<string>YES</string>
				<key>CLANG_WARN_CONSTANT_CONVERSION</key>
				<string>YES</string>
				<key>CLANG_WARN_DIRECT_OBJC_ISA_USAGE</key>
				<string>YES_ERROR</string>
				<key>CLANG_WARN_EMPTY_BODY</key>
				<string>YES</string>
				<key>CLANG_WARN_ENUM_CONVERSION</key>
				<string>YES</string>
				<key>CLANG_WARN_INT_CONVERSION</key>
				<string>YES</string>
				<key>CLANG_WARN_OBJC_ROOT_CLASS</key>
				<string>YES_ERROR</string>
				<key>CLANG_WARN_UNREACHABLE_CODE</key>
				<string>YES</string>
				<key>CLANG_WARN__DUPLICATE_METHOD_MATCH</key>
				<string>YES</string>
				<key>CODE_SIGN_IDENTITY[sdk=iphoneos*]</key>
				<string>iPhone Developer</string>
				<key>COPY_PHASE_STRIP</key>
				<string>NO</string>
				<key>ENABLE_STRICT_OBJC_MSGSEND</key>
				<string>YES</string>
				<key>GCC_C_LANGUAGE_STANDARD</key>
				<string>gnu99</string>
				<key>GCC_DYNAMIC_NO_PIC</key>
				<string>NO</string>
				<key>GCC_OPTIMIZATION_LEVEL</key>
				<string>0</string>
				<key>GCC_PREPROCESSOR_DEFINITIONS</key>
				<array>
					<string>DEBUG=1</string>
					<string>$(inherited)</string>
				</array>
				<key>GCC_SYMBOLS_PRIVATE_EXTERN</key>
				<string>NO</string>
				<key>GCC_WARN_64_TO_32_BIT_CONVERSION</key>
				<string>YES</string>
				<key>GCC_WARN_ABOUT_RETURN_TYPE</key>
				<string>YES_ERROR</string>
				<key>GCC_WARN_UNDECLARED_SELECTOR</key>
				<string>YES</string>
				<key>GCC_WARN_UNINITIALIZED_AUTOS</key>
				<string>YES_AGGRESSIVE</string>
				<key>GCC_WARN_UNUSED_FUNCTION</key>
				<string>YES</string>
				<key>GCC_WARN_UNUSED_VARIABLE</key>
				<string>YES</string>
				<key>IPHONEOS_DEPLOYMENT_TARGET</key>
				<string>8.1</string>
				<key>MTL_ENABLE_DEBUG_INFO</key>
				<string>YES</string>
				<key>ONLY_ACTIVE_ARCH</key>
				<string>YES</string>
				<key>SDKROOT</key>
				<string>iphoneos</string>
			</dict>
			<key>isa</key>
			<string>XCBuildConfiguration</string>
			<key>name</key>
			<string>Debug</string>
		</dict>
		<key>DF979BE01ABB258500DAD4AE</key>
		<dict>
			<key>buildSettings</key>
			<dict>
				<key>ALWAYS_SEARCH_USER_PATHS</key>
				<string>NO</string>
				<key>CLANG_CXX_LANGUAGE_STANDARD</key>
				<string>gnu++0x</string>
				<key>CLANG_CXX_LIBRARY</key>
				<string>libc++</string>
				<key>CLANG_ENABLE_MODULES</key>
				<string>YES</string>
				<key>CLANG_ENABLE_OBJC_ARC</key>
				<string>YES</string>
				<key>CLANG_WARN_BOOL_CONVERSION</key>
				<string>YES</string>
				<key>CLANG_WARN_CONSTANT_CONVERSION</key>
				<string>YES</string>
				<key>CLANG_WARN_DIRECT_OBJC_ISA_USAGE</key>
				<string>YES_ERROR</string>
				<key>CLANG_WARN_EMPTY_BODY</key>
				<string>YES</string>
				<key>CLANG_WARN_ENUM_CONVERSION</key>
				<string>YES</string>
				<key>CLANG_WARN_INT_CONVERSION</key>
				<string>YES</string>
				<key>CLANG_WARN_OBJC_ROOT_CLASS</key>
				<string>YES_ERROR</string>
				<key>CLANG_WARN_UNREACHABLE_CODE</key>
				<string>YES</string>
				<key>CLANG_WARN__DUPLICATE_METHOD_MATCH</key>
				<string>YES</string>
				<key>CODE_SIGN_IDENTITY[sdk=iphoneos*]</key>
				<string>iPhone Developer</string>
				<key>COPY_PHASE_STRIP</key>
				<string>YES</string>
				<key>ENABLE_NS_ASSERTIONS</key>
				<string>NO</string>
				<key>ENABLE_STRICT_OBJC_MSGSEND</key>
				<string>YES</string>
				<key>GCC_C_LANGUAGE_STANDARD</key>
				<string>gnu99</string>
				<key>GCC_WARN_64_TO_32_BIT_CONVERSION</key>
				<string>YES</string>
				<key>GCC_WARN_ABOUT_RETURN_TYPE</key>
				<string>YES_ERROR</string>
				<key>GCC_WARN_UNDECLARED_SELECTOR</key>
				<string>YES</string>
				<key>GCC_WARN_UNINITIALIZED_AUTOS</key>
				<string>YES_AGGRESSIVE</string>
				<key>GCC_WARN_UNUSED_FUNCTION</key>
				<string>YES</string>
				<key>GCC_WARN_UNUSED_VARIABLE</key>
				<string>YES</string>
				<key>IPHONEOS_DEPLOYMENT_TARGET</key>
				<string>8.1</string>
				<key>MTL_ENABLE_DEBUG_INFO</key>
				<string>NO</string>
				<key>SDKROOT</key>
				<string>iphoneos</string>
				<key>VALIDATE_PRODUCT</key>
				<string>YES</string>
			</dict>
			<key>isa</key>
			<string>XCBuildConfiguration</string>
			<key>name</key>
			<string>Release</string>
		</dict>
		<key>DF979BE11ABB258500DAD4AE</key>
		<dict>
			<key>buildConfigurations</key>
			<array>
				<string>DF979BE21ABB258500DAD4AE</string>
				<string>DF979BE31ABB258500DAD4AE</string>
			</array>
			<key>defaultConfigurationIsVisible</key>
			<string>0</string>
			<key>defaultConfigurationName</key>
			<string>Release</string>
			<key>isa</key>
			<string>XCConfigurationList</string>
		</dict>
		<key>DF979BE21ABB258500DAD4AE</key>
		<dict>
			<key>baseConfigurationReference</key>
			<string>53B7AD06549F05168EF2AE10</string>
			<key>buildSettings</key>
			<dict>
				<key>ASSETCATALOG_COMPILER_APPICON_NAME</key>
				<string>AppIcon</string>
				<key>INFOPLIST_FILE</key>
				<string>RSS&#35821;&#38899;&#21161;&#25163;/Info.plist</string>
				<key>LD_RUNPATH_SEARCH_PATHS</key>
				<string>$(inherited) @executable_path/Frameworks</string>
				<key>PRODUCT_NAME</key>
				<string>$(TARGET_NAME)</string>
			</dict>
			<key>isa</key>
			<string>XCBuildConfiguration</string>
			<key>name</key>
			<string>Debug</string>
		</dict>
		<key>DF979BE31ABB258500DAD4AE</key>
		<dict>
			<key>baseConfigurationReference</key>
			<string>0C34DA194517E18D3366DB13</string>
			<key>buildSettings</key>
			<dict>
				<key>ASSETCATALOG_COMPILER_APPICON_NAME</key>
				<string>AppIcon</string>
				<key>INFOPLIST_FILE</key>
				<string>RSS&#35821;&#38899;&#21161;&#25163;/Info.plist</string>
				<key>LD_RUNPATH_SEARCH_PATHS</key>
				<string>$(inherited) @executable_path/Frameworks</string>
				<key>PRODUCT_NAME</key>
				<string>$(TARGET_NAME)</string>
			</dict>
			<key>isa</key>
			<string>XCBuildConfiguration</string>
			<key>name</key>
			<string>Release</string>
		</dict>
		<key>DF979BE41ABB258500DAD4AE</key>
		<dict>
			<key>buildConfigurations</key>
			<array>
				<string>DF979BE51ABB258500DAD4AE</string>
				<string>DF979BE61ABB258500DAD4AE</string>
			</array>
			<key>defaultConfigurationIsVisible</key>
			<string>0</string>
			<key>defaultConfigurationName</key>
			<string>Release</string>
			<key>isa</key>
			<string>XCConfigurationList</string>
		</dict>
		<key>DF979BE51ABB258500DAD4AE</key>
		<dict>
			<key>buildSettings</key>
			<dict>
				<key>BUNDLE_LOADER</key>
				<string>$(TEST_HOST)</string>
				<key>FRAMEWORK_SEARCH_PATHS</key>
				<array>
					<string>$(SDKROOT)/Developer/Library/Frameworks</string>
					<string>$(inherited)</string>
				</array>
				<key>GCC_PREPROCESSOR_DEFINITIONS</key>
				<array>
					<string>DEBUG=1</string>
					<string>$(inherited)</string>
				</array>
				<key>INFOPLIST_FILE</key>
				<string>RSS&#35821;&#38899;&#21161;&#25163;Tests/Info.plist</string>
				<key>LD_RUNPATH_SEARCH_PATHS</key>
				<string>$(inherited) @executable_path/Frameworks @loader_path/Frameworks</string>
				<key>PRODUCT_NAME</key>
				<string>$(TARGET_NAME)</string>
				<key>TEST_HOST</key>
				<string>$(BUILT_PRODUCTS_DIR)/RSS&#35821;&#38899;&#21161;&#25163;.app/RSS&#35821;&#38899;&#21161;&#25163;</string>
			</dict>
			<key>isa</key>
			<string>XCBuildConfiguration</string>
			<key>name</key>
			<string>Debug</string>
		</dict>
		<key>DF979BE61ABB258500DAD4AE</key>
		<dict>
			<key>buildSettings</key>
			<dict>
				<key>BUNDLE_LOADER</key>
				<string>$(TEST_HOST)</string>
				<key>FRAMEWORK_SEARCH_PATHS</key>
				<array>
					<string>$(SDKROOT)/Developer/Library/Frameworks</string>
					<string>$(inherited)</string>
				</array>
				<key>INFOPLIST_FILE</key>
				<string>RSS&#35821;&#38899;&#21161;&#25163;Tests/Info.plist</string>
				<key>LD_RUNPATH_SEARCH_PATHS</key>
				<string>$(inherited) @executable_path/Frameworks @loader_path/Frameworks</string>
				<key>PRODUCT_NAME</key>
				<string>$(TARGET_NAME)</string>
				<key>TEST_HOST</key>
				<string>$(BUILT_PRODUCTS_DIR)/RSS&#35821;&#38899;&#21161;&#25163;.app/RSS&#35821;&#38899;&#21161;&#25163;</string>
			</dict>
			<key>isa</key>
			<string>XCBuildConfiguration</string>
			<key>name</key>
			<string>Release</string>
		</dict>
		<key>F09FE54A2212CDDD1DC46223</key>
		<dict>
			<key>children</key>
			<array>
				<string>3FBD34B965AAD52B616EE900</string>
			</array>
			<key>isa</key>
			<string>PBXGroup</string>
			<key>name</key>
			<string>Frameworks</string>
			<key>sourceTree</key>
			<string>&lt;group&gt;</string>
		</dict>
	</dict>
	<key>rootObject</key>
	<string>DF979BB31ABB258500DAD4AE</string>
</dict>
</plist>
